{
  "name": "response-handler",
  "version": "1.0.0",
  "lockfileVersion": 2,
  "requires": true,
  "packages": {
    "": {
      "name": "response-handler",
      "version": "1.0.0",
      "license": "ISC",
      "dependencies": {
        "errors": "file:../errors",
        "logger": "file:../logger"
      }
    },
    "../errors": {
      "version": "1.0.0",
      "license": "ISC"
    },
    "../logger": {
      "version": "1.0.0",
      "license": "ISC",
      "dependencies": {
        "lodash": "^4.17.21",
        "winston": "^3.4.0"
      }
    },
    "node_modules/errors": {
      "resolved": "../errors",
      "link": true
    },
    "node_modules/logger": {
      "resolved": "../logger",
      "link": true
    }
  },
  "dependencies": {
    "errors": {
      "version": "file:../errors"
    },
    "logger": {
      "version": "file:../logger",
      "requires": {
        "lodash": "^4.17.21",
        "winston": "^3.4.0"
      }
    }
  }
}
